{
  "name": "@jbuschke/dx-odata-grid",
  "version": "0.2.2",
  "lockfileVersion": 1,
  "requires": true,
  "dependencies": {
    "immer": {
      "version": "2.1.1",
      "resolved": "https://registry.npmjs.org/immer/-/immer-2.1.1.tgz",
      "integrity": "sha512-+S4ktJM7ugEy1aIfpsjTVf7ZLMMuwz8QqSxpJRZaCM+0ujfeU4kWcj57P02qQ/KRGMw7DwUS4lCKNNROHasXkw==",
      "dev": true
    }
  }
}
